{
  "R": {
    "Version": "4.2.0",
    "Repositories": [
      {
        "Name": "CRAN",
        "URL": "https://cran.rstudio.com/"
      }
    ]
  },
  "Packages": {
    "DBI": {
      "Source": "Repository",
      "Package": "DBI",
      "Version": "1.1.2",
      "Repository": "CRAN"
    },
    "R6": {
      "Source": "Repository",
      "Package": "R6",
      "Version": "2.5.1",
      "Repository": "CRAN"
    },
    "RColorBrewer": {
      "Source": "Repository",
      "Package": "RColorBrewer",
      "Version": "1.1-3",
      "Repository": "CRAN"
    },
    "RCurl": {
      "Source": "Repository",
      "Package": "RCurl",
      "Version": "1.98-1.6",
      "Repository": "CRAN"
    },
    "Rcpp": {
      "Source": "Repository",
      "Package": "Rcpp",
      "Version": "1.0.8.3",
      "Repository": "CRAN"
    },
    "askpass": {
      "Source": "Repository",
      "Package": "askpass",
      "Version": "1.1",
      "Repository": "CRAN"
    },
    "assertthat": {
      "Source": "Repository",
      "Package": "assertthat",
      "Version": "0.2.1",
      "Repository": "CRAN"
    },
    "backports": {
      "Source": "Repository",
      "Package": "backports",
      "Version": "1.4.1",
      "Repository": "CRAN"
    },
    "base64enc": {
      "Source": "Repository",
      "Package": "base64enc",
      "Version": "0.1-3",
      "Repository": "CRAN"
    },
    "bit": {
      "Source": "Repository",
      "Package": "bit",
      "Version": "4.0.4",
      "Repository": "CRAN"
    },
    "bit64": {
      "Source": "Repository",
      "Package": "bit64",
      "Version": "4.0.5",
      "Repository": "CRAN"
    },
    "bitops": {
      "Source": "Repository",
      "Package": "bitops",
      "Version": "1.0-7",
      "Repository": "CRAN"
    },
    "blob": {
      "Source": "Repository",
      "Package": "blob",
      "Version": "1.2.3",
      "Repository": "CRAN"
    },
    "bookdown": {
      "Source": "Repository",
      "Package": "bookdown",
      "Version": "0.27",
      "Repository": "CRAN"
    },
    "broom": {
      "Source": "Repository",
      "Package": "broom",
      "Version": "0.8.0",
      "Repository": "CRAN"
    },
    "bslib": {
      "Source": "Repository",
      "Package": "bslib",
      "Version": "0.3.1",
      "Repository": "CRAN"
    },
    "callr": {
      "Source": "Repository",
      "Package": "callr",
      "Version": "3.7.0",
      "Repository": "CRAN"
    },
    "capsule": {
      "Source": "Repository",
      "Package": "capsule",
      "Version": "0.4.2",
      "Repository": "https://milesmcbain.r-universe.dev",
      "RemoteUrl": "https://github.com/milesmcbain/capsule",
      "RemoteRef": "master",
      "RemoteSha": "401d0c98adc329c17d0bb129069c9ec220a26646"
    },
    "cellranger": {
      "Source": "Repository",
      "Package": "cellranger",
      "Version": "1.1.0",
      "Repository": "CRAN"
    },
    "cli": {
      "Source": "Repository",
      "Package": "cli",
      "Version": "3.3.0",
      "Repository": "CRAN"
    },
    "clipr": {
      "Source": "Repository",
      "Package": "clipr",
      "Version": "0.8.0",
      "Repository": "CRAN"
    },
    "colorspace": {
      "Source": "Repository",
      "Package": "colorspace",
      "Version": "2.0-3",
      "Repository": "CRAN"
    },
    "cpp11": {
      "Source": "Repository",
      "Package": "cpp11",
      "Version": "0.4.2",
      "Repository": "CRAN"
    },
    "crayon": {
      "Source": "Repository",
      "Package": "crayon",
      "Version": "1.5.1",
      "Repository": "CRAN"
    },
    "crosstalk": {
      "Source": "Repository",
      "Package": "crosstalk",
      "Version": "1.2.0",
      "Repository": "CRAN"
    },
    "curl": {
      "Source": "Repository",
      "Package": "curl",
      "Version": "4.3.2",
      "Repository": "CRAN"
    },
    "data.table": {
      "Source": "Repository",
      "Package": "data.table",
      "Version": "1.14.2",
      "Repository": "CRAN"
    },
    "dbplyr": {
      "Source": "Repository",
      "Package": "dbplyr",
      "Version": "2.1.1",
      "Repository": "CRAN"
    },
    "digest": {
      "Source": "Repository",
      "Package": "digest",
      "Version": "0.6.29",
      "Repository": "CRAN"
    },
    "dplyr": {
      "Source": "Repository",
      "Package": "dplyr",
      "Version": "1.0.9",
      "Repository": "CRAN"
    },
    "dtplyr": {
      "Source": "Repository",
      "Package": "dtplyr",
      "Version": "1.2.1",
      "Repository": "CRAN"
    },
    "ellipsis": {
      "Source": "Repository",
      "Package": "ellipsis",
      "Version": "0.3.2",
      "Repository": "CRAN"
    },
    "evaluate": {
      "Source": "Repository",
      "Package": "evaluate",
      "Version": "0.15",
      "Repository": "CRAN"
    },
    "fansi": {
      "Source": "Repository",
      "Package": "fansi",
      "Version": "1.0.3",
      "Repository": "CRAN"
    },
    "farver": {
      "Source": "Repository",
      "Package": "farver",
      "Version": "2.1.0",
      "Repository": "CRAN"
    },
    "fastmap": {
      "Source": "Repository",
      "Package": "fastmap",
      "Version": "1.1.0",
      "Repository": "CRAN"
    },
    "forcats": {
      "Source": "Repository",
      "Package": "forcats",
      "Version": "0.5.1",
      "Repository": "CRAN"
    },
    "fs": {
      "Source": "Repository",
      "Package": "fs",
      "Version": "1.5.2",
      "Repository": "CRAN"
    },
    "gargle": {
      "Source": "Repository",
      "Package": "gargle",
      "Version": "1.2.0",
      "Repository": "CRAN"
    },
    "generics": {
      "Source": "Repository",
      "Package": "generics",
      "Version": "0.1.2",
      "Repository": "CRAN"
    },
    "ggplot2": {
      "Source": "Repository",
      "Package": "ggplot2",
      "Version": "3.3.6",
      "Repository": "CRAN"
    },
    "ggtext": {
      "Source": "Repository",
      "Package": "ggtext",
      "Version": "0.1.1",
      "Repository": "CRAN"
    },
    "glue": {
      "Source": "Repository",
      "Package": "glue",
      "Version": "1.6.2",
      "Repository": "CRAN"
    },
    "googledrive": {
      "Source": "Repository",
      "Package": "googledrive",
      "Version": "2.0.0",
      "Repository": "CRAN"
    },
    "googlesheets4": {
      "Source": "Repository",
      "Package": "googlesheets4",
      "Version": "1.0.0",
      "Repository": "CRAN"
    },
    "gridtext": {
      "Source": "Repository",
      "Package": "gridtext",
      "Version": "0.1.4",
      "Repository": "CRAN"
    },
    "gtable": {
      "Source": "Repository",
      "Package": "gtable",
      "Version": "0.3.0",
      "Repository": "CRAN"
    },
    "haven": {
      "Source": "Repository",
      "Package": "haven",
      "Version": "2.5.0",
      "Repository": "CRAN"
    },
    "here": {
      "Source": "Repository",
      "Package": "here",
      "Version": "1.0.1",
      "Repository": "CRAN"
    },
    "highr": {
      "Source": "Repository",
      "Package": "highr",
      "Version": "0.9",
      "Repository": "CRAN"
    },
    "hms": {
      "Source": "Repository",
      "Package": "hms",
      "Version": "1.1.1",
      "Repository": "CRAN"
    },
    "htmltools": {
      "Source": "Repository",
      "Package": "htmltools",
      "Version": "0.5.2",
      "Repository": "CRAN"
    },
    "htmlwidgets": {
      "Source": "Repository",
      "Package": "htmlwidgets",
      "Version": "1.5.4",
      "Repository": "CRAN"
    },
    "httr": {
      "Source": "Repository",
      "Package": "httr",
      "Version": "1.4.3",
      "Repository": "CRAN"
    },
    "ids": {
      "Source": "Repository",
      "Package": "ids",
      "Version": "1.0.1",
      "Repository": "CRAN"
    },
    "isoband": {
      "Source": "Repository",
      "Package": "isoband",
      "Version": "0.2.5",
      "Repository": "CRAN"
    },
    "jpeg": {
      "Source": "Repository",
      "Package": "jpeg",
      "Version": "0.1-9",
      "Repository": "CRAN"
    },
    "jquerylib": {
      "Source": "Repository",
      "Package": "jquerylib",
      "Version": "0.1.4",
      "Repository": "CRAN"
    },
    "jsonlite": {
      "Source": "Repository",
      "Package": "jsonlite",
      "Version": "1.8.0",
      "Repository": "CRAN"
    },
    "kableExtra": {
      "Source": "Repository",
      "Package": "kableExtra",
      "Version": "1.3.4",
      "Repository": "CRAN"
    },
    "knitr": {
      "Source": "Repository",
      "Package": "knitr",
      "Version": "1.39",
      "Repository": "CRAN"
    },
    "labeling": {
      "Source": "Repository",
      "Package": "labeling",
      "Version": "0.4.2",
      "Repository": "CRAN"
    },
    "later": {
      "Source": "Repository",
      "Package": "later",
      "Version": "1.3.0",
      "Repository": "CRAN"
    },
    "lazyeval": {
      "Source": "Repository",
      "Package": "lazyeval",
      "Version": "0.2.2",
      "Repository": "CRAN"
    },
    "lifecycle": {
      "Source": "Repository",
      "Package": "lifecycle",
      "Version": "1.0.1",
      "Repository": "CRAN"
    },
    "lubridate": {
      "Source": "Repository",
      "Package": "lubridate",
      "Version": "1.8.0",
      "Repository": "CRAN"
    },
    "magick": {
      "Source": "Repository",
      "Package": "magick",
      "Version": "2.7.3",
      "Repository": "CRAN"
    },
    "magrittr": {
      "Source": "Repository",
      "Package": "magrittr",
      "Version": "2.0.3",
      "Repository": "CRAN"
    },
    "markdown": {
      "Source": "Repository",
      "Package": "markdown",
      "Version": "1.1",
      "Repository": "CRAN"
    },
    "mime": {
      "Source": "Repository",
      "Package": "mime",
      "Version": "0.12",
      "Repository": "CRAN"
    },
    "modelr": {
      "Source": "Repository",
      "Package": "modelr",
      "Version": "0.1.8",
      "Repository": "CRAN"
    },
    "munsell": {
      "Source": "Repository",
      "Package": "munsell",
      "Version": "0.5.0",
      "Repository": "CRAN"
    },
    "openssl": {
      "Source": "Repository",
      "Package": "openssl",
      "Version": "2.0.0",
      "Repository": "CRAN"
    },
    "patchwork": {
      "Source": "Repository",
      "Package": "patchwork",
      "Version": "1.1.1",
      "Repository": "CRAN"
    },
    "pillar": {
      "Source": "Repository",
      "Package": "pillar",
      "Version": "1.7.0",
      "Repository": "CRAN"
    },
    "pkgconfig": {
      "Source": "Repository",
      "Package": "pkgconfig",
      "Version": "2.0.3",
      "Repository": "CRAN"
    },
    "plotly": {
      "Source": "Repository",
      "Package": "plotly",
      "Version": "4.10.0",
      "Repository": "CRAN"
    },
    "png": {
      "Source": "Repository",
      "Package": "png",
      "Version": "0.1-7",
      "Repository": "CRAN"
    },
    "prettyunits": {
      "Source": "Repository",
      "Package": "prettyunits",
      "Version": "1.1.1",
      "Repository": "CRAN"
    },
    "processx": {
      "Source": "Repository",
      "Package": "processx",
      "Version": "3.5.3",
      "Repository": "CRAN"
    },
    "progress": {
      "Source": "Repository",
      "Package": "progress",
      "Version": "1.2.2",
      "Repository": "CRAN"
    },
    "promises": {
      "Source": "Repository",
      "Package": "promises",
      "Version": "1.2.0.1",
      "Repository": "CRAN"
    },
    "ps": {
      "Source": "Repository",
      "Package": "ps",
      "Version": "1.7.0",
      "Repository": "CRAN"
    },
    "purrr": {
      "Source": "Repository",
      "Package": "purrr",
      "Version": "0.3.4",
      "Repository": "CRAN"
    },
    "ragg": {
      "Source": "Repository",
      "Package": "ragg",
      "Version": "1.2.2",
      "Repository": "CRAN"
    },
    "rappdirs": {
      "Source": "Repository",
      "Package": "rappdirs",
      "Version": "0.3.3",
      "Repository": "CRAN"
    },
    "readr": {
      "Source": "Repository",
      "Package": "readr",
      "Version": "2.1.2",
      "Repository": "CRAN"
    },
    "readxl": {
      "Source": "Repository",
      "Package": "readxl",
      "Version": "1.4.0",
      "Repository": "CRAN"
    },
    "rematch": {
      "Source": "Repository",
      "Package": "rematch",
      "Version": "1.0.1",
      "Repository": "CRAN"
    },
    "rematch2": {
      "Source": "Repository",
      "Package": "rematch2",
      "Version": "2.1.2",
      "Repository": "CRAN"
    },
    "remotes": {
      "Source": "Repository",
      "Package": "remotes",
      "Version": "2.4.2",
      "Repository": "CRAN"
    },
    "renv": {
      "Source": "Repository",
      "Package": "renv",
      "Version": "0.15.4",
      "Repository": "CRAN"
    },
    "reprex": {
      "Source": "Repository",
      "Package": "reprex",
      "Version": "2.0.1",
      "Repository": "CRAN"
    },
    "rlang": {
      "Source": "Repository",
      "Package": "rlang",
      "Version": "1.0.2",
      "Repository": "CRAN"
    },
    "rmarkdown": {
      "Source": "Repository",
      "Package": "rmarkdown",
      "Version": "2.14",
      "Repository": "CRAN"
    },
    "rmdformats": {
      "Source": "Repository",
      "Package": "rmdformats",
      "Version": "1.0.4",
      "Repository": "CRAN"
    },
    "rprojroot": {
      "Source": "Repository",
      "Package": "rprojroot",
      "Version": "2.0.3",
      "Repository": "CRAN"
    },
    "rstudioapi": {
      "Source": "Repository",
      "Package": "rstudioapi",
      "Version": "0.13",
      "Repository": "CRAN"
    },
    "rvest": {
      "Source": "Repository",
      "Package": "rvest",
      "Version": "1.0.2",
      "Repository": "CRAN"
    },
    "sass": {
      "Source": "Repository",
      "Package": "sass",
      "Version": "0.4.1",
      "Repository": "CRAN"
    },
    "scales": {
      "Source": "Repository",
      "Package": "scales",
      "Version": "1.2.0",
      "Repository": "CRAN"
    },
    "selectr": {
      "Source": "Repository",
      "Package": "selectr",
      "Version": "0.4-2",
      "Repository": "CRAN"
    },
    "stringi": {
      "Source": "Repository",
      "Package": "stringi",
      "Version": "1.7.6",
      "Repository": "CRAN"
    },
    "stringr": {
      "Source": "Repository",
      "Package": "stringr",
      "Version": "1.4.0",
      "Repository": "CRAN"
    },
    "svglite": {
      "Source": "Repository",
      "Package": "svglite",
      "Version": "2.1.0",
      "Repository": "CRAN"
    },
    "sys": {
      "Source": "Repository",
      "Package": "sys",
      "Version": "3.4",
      "Repository": "CRAN"
    },
    "systemfonts": {
      "Source": "Repository",
      "Package": "systemfonts",
      "Version": "1.0.4",
      "Repository": "CRAN"
    },
    "textshaping": {
      "Source": "Repository",
      "Package": "textshaping",
      "Version": "0.3.6",
      "Repository": "CRAN"
    },
    "themes360info": {
      "Source": "GitHub",
      "Package": "themes360info",
      "Version": "0.0.1",
      "RemoteType": "github",
      "RemoteHost": "api.github.com",
      "RemoteRepo": "themes360info",
      "RemoteUsername": "360-info",
      "RemoteRef": "HEAD",
      "RemoteSha": "1b64ac233ea945607838fa2d7d5a8ba5cae5ef5a"
    },
    "tibble": {
      "Source": "Repository",
      "Package": "tibble",
      "Version": "3.1.7",
      "Repository": "CRAN"
    },
    "tidyr": {
      "Source": "Repository",
      "Package": "tidyr",
      "Version": "1.2.0",
      "Repository": "CRAN"
    },
    "tidyselect": {
      "Source": "Repository",
      "Package": "tidyselect",
      "Version": "1.1.2",
      "Repository": "CRAN"
    },
    "tidyverse": {
      "Source": "Repository",
      "Package": "tidyverse",
      "Version": "1.3.1",
      "Repository": "CRAN"
    },
    "tinytex": {
      "Source": "Repository",
      "Package": "tinytex",
      "Version": "0.38",
      "Repository": "CRAN"
    },
    "tzdb": {
      "Source": "Repository",
      "Package": "tzdb",
      "Version": "0.3.0",
      "Repository": "CRAN"
    },
    "using": {
      "Source": "Repository",
      "Package": "using",
      "Version": "0.4.0",
      "Repository": "https://milesmcbain.r-universe.dev",
      "RemoteUrl": "https://github.com/anthonynorth/using",
      "RemoteRef": "HEAD",
      "RemoteSha": "c33a88c5c42c64fd84423a65af7b5a3ae8d5e64a"
    },
    "utf8": {
      "Source": "Repository",
      "Package": "utf8",
      "Version": "1.2.2",
      "Repository": "CRAN"
    },
    "uuid": {
      "Source": "Repository",
      "Package": "uuid",
      "Version": "1.1-0",
      "Repository": "CRAN"
    },
    "vctrs": {
      "Source": "Repository",
      "Package": "vctrs",
      "Version": "0.4.1",
      "Repository": "CRAN"
    },
    "viridisLite": {
      "Source": "Repository",
      "Package": "viridisLite",
      "Version": "0.4.0",
      "Repository": "CRAN"
    },
    "vroom": {
      "Source": "Repository",
      "Package": "vroom",
      "Version": "1.5.7",
      "Repository": "CRAN"
    },
    "webshot": {
      "Source": "Repository",
      "Package": "webshot",
      "Version": "0.5.3",
      "Repository": "CRAN"
    },
    "withr": {
      "Source": "Repository",
      "Package": "withr",
      "Version": "2.5.0",
      "Repository": "CRAN"
    },
    "xfun": {
      "Source": "Repository",
      "Package": "xfun",
      "Version": "0.30",
      "Repository": "CRAN"
    },
    "xml2": {
      "Source": "Repository",
      "Package": "xml2",
      "Version": "1.3.3",
      "Repository": "CRAN"
    },
    "yaml": {
      "Source": "Repository",
      "Package": "yaml",
      "Version": "2.3.5",
      "Repository": "CRAN"
    }
  }
}
